<?xml version="1.0" encoding="utf-8"?>
<Project ToolsVersion="4.0" xmlns="http://schemas.microsoft.com/developer/msbuild/2003">
  <ItemGroup>
    <Filter Include="Source Files">
      <UniqueIdentifier>{4FC737F1-C7A5-4376-A066-2A32D752A2FF}</UniqueIdentifier>
      <Extensions>cpp;c;cc;cxx;def;odl;idl;hpj;bat;asm;asmx</Extensions>
    </Filter>
    <Filter Include="Header Files">
      <UniqueIdentifier>{93995380-89BD-4b04-88EB-625FBE52EBFB}</UniqueIdentifier>
      <Extensions>h;hpp;hxx;hm;inl;inc;xsd</Extensions>
    </Filter>
    <Filter Include="Resource Files">
      <UniqueIdentifier>{67DA6AB6-F800-4c08-8B7A-83BB121AAD01}</UniqueIdentifier>
      <Extensions>rc;ico;cur;bmp;dlg;rc2;rct;bin;rgs;gif;jpg;jpeg;jpe;resx;tiff;tif;png;wav;mfcribbon-ms</Extensions>
    </Filter>
    <Filter Include="Javascript Files">
      <UniqueIdentifier>{54f9980a-0a2a-4568-90c8-5be8e4574e8f}</UniqueIdentifier>
    </Filter>
    <Filter Include="Wrappers">
      <UniqueIdentifier>{1597d81e-1fdd-4b4d-a4ef-587c31ecd18e}</UniqueIdentifier>
    </Filter>
  </ItemGroup>
  <ItemGroup>
    <ClCompile Include="ofxNode_ofSetupOpenGL.cc">
      <Filter>Source Files</Filter>
    </ClCompile>
    <ClCompile Include="ofxNode_ofRunApp.cc">
      <Filter>Source Files</Filter>
    </ClCompile>
    <ClCompile Include="ofApp.cc">
      <Filter>Source Files</Filter>
    </ClCompile>
    <ClCompile Include="main.cc">
      <Filter>Source Files</Filter>
    </ClCompile>
    <ClCompile Include="ofxNode_ofCircle.cc">
      <Filter>Source Files</Filter>
    </ClCompile>
    <ClCompile Include="ofxNode_ofFill.cc">
      <Filter>Source Files</Filter>
    </ClCompile>
    <ClCompile Include="ofxNode_ofClear.cc">
      <Filter>Source Files</Filter>
    </ClCompile>
    <ClCompile Include="ofxNode_ofGetElapsedTimeMillis.cc">
      <Filter>Source Files</Filter>
    </ClCompile>
    <ClCompile Include="ofxNode_ofSetColor.cc">
      <Filter>Source Files</Filter>
    </ClCompile>
    <ClCompile Include="ofxNode_ofBackground.cc">
      <Filter>Source Files</Filter>
    </ClCompile>
    <ClCompile Include="ofxNode_ofBackgroundGradient.cc">
      <Filter>Source Files</Filter>
    </ClCompile>
    <ClCompile Include="ofxNode_draw.cc">
      <Filter>Source Files</Filter>
    </ClCompile>
    <ClCompile Include="ofxNode_setup.cc">
      <Filter>Source Files</Filter>
    </ClCompile>
    <ClCompile Include="ofxNode_exit.cc">
      <Filter>Source Files</Filter>
    </ClCompile>
    <ClCompile Include="ofxNode_update.cc">
      <Filter>Source Files</Filter>
    </ClCompile>
    <ClCompile Include="ofxNode_keyPressed.cc">
      <Filter>Source Files</Filter>
    </ClCompile>
    <ClCompile Include="ofxNode_keyReleased.cc">
      <Filter>Source Files</Filter>
    </ClCompile>
    <ClCompile Include="ofxNode_mouseMoved.cc">
      <Filter>Source Files</Filter>
    </ClCompile>
    <ClCompile Include="ofxNode_mouseDragged.cc">
      <Filter>Source Files</Filter>
    </ClCompile>
    <ClCompile Include="ofxNode_mousePressed.cc">
      <Filter>Source Files</Filter>
    </ClCompile>
    <ClCompile Include="ofxNode_mouseReleased.cc">
      <Filter>Source Files</Filter>
    </ClCompile>
    <ClCompile Include="ofxNode_windowResized.cc">
      <Filter>Source Files</Filter>
    </ClCompile>
    <ClCompile Include="ofxNode_gotMessage.cc">
      <Filter>Source Files</Filter>
    </ClCompile>
    <ClCompile Include="ofxNode_dragEvent.cc">
      <Filter>Source Files</Filter>
    </ClCompile>
    <ClCompile Include="ofxNode_noop.cc">
      <Filter>Source Files</Filter>
    </ClCompile>
    <ClCompile Include="ofxNode_ofBackgroundHex.cc">
      <Filter>Source Files</Filter>
    </ClCompile>
    <ClCompile Include="ofxNode_ofBeginSaveScreenAsPDF.cc">
      <Filter>Source Files</Filter>
    </ClCompile>
    <ClCompile Include="ofxNode_ofBeginShape.cc">
      <Filter>Source Files</Filter>
    </ClCompile>
    <ClCompile Include="ofxNode_ofEndShape.cc">
      <Filter>Source Files</Filter>
    </ClCompile>
    <ClCompile Include="ofxNode_ofBezier.cc">
      <Filter>Source Files</Filter>
    </ClCompile>
    <ClCompile Include="ofxNode_ofBezierVertex.cc">
      <Filter>Source Files</Filter>
    </ClCompile>
    <ClCompile Include="ofxNode_ofBgColorPtr.cc">
      <Filter>Source Files</Filter>
    </ClCompile>
    <ClCompile Include="ofxNode_ofClearAlpha.cc">
      <Filter>Source Files</Filter>
    </ClCompile>
    <ClCompile Include="ofxNode_ofCurve.cc">
      <Filter>Source Files</Filter>
    </ClCompile>
    <ClCompile Include="ofxNode_ofCurveVertex.cc">
      <Filter>Source Files</Filter>
    </ClCompile>
    <ClCompile Include="ofxNode_ofCurveVertices.cc">
      <Filter>Source Files</Filter>
    </ClCompile>
    <ClCompile Include="ofxNode_ofDisableAlphaBlending.cc">
      <Filter>Source Files</Filter>
    </ClCompile>
    <ClCompile Include="ofxNode_ofDisableAntiAliasing.cc">
      <Filter>Source Files</Filter>
    </ClCompile>
    <ClCompile Include="ofxNode_ofDisableBlendMode.cc">
      <Filter>Source Files</Filter>
    </ClCompile>
    <ClCompile Include="ofxNode_ofDisableDepthTest.cc">
      <Filter>Source Files</Filter>
    </ClCompile>
    <ClCompile Include="ofxNode_ofDisablePointSprites.cc">
      <Filter>Source Files</Filter>
    </ClCompile>
    <ClCompile Include="ofxNode_ofDisableSmoothing.cc">
      <Filter>Source Files</Filter>
    </ClCompile>
    <ClCompile Include="ofxNode_ofDrawBitmapString.cc">
      <Filter>Source Files</Filter>
    </ClCompile>
    <ClCompile Include="ofxNode_ofDrawBitmapStringHighlight.cc">
      <Filter>Source Files</Filter>
    </ClCompile>
    <ClCompile Include="ofxNode_ofEllipse.cc">
      <Filter>Source Files</Filter>
    </ClCompile>
    <ClCompile Include="ofxNode_ofEnableAlphaBlending.cc">
      <Filter>Source Files</Filter>
    </ClCompile>
    <ClCompile Include="ofxNode_ofEnableAntiAliasing.cc">
      <Filter>Source Files</Filter>
    </ClCompile>
    <ClCompile Include="ofxNode_ofEnableBlendMode.cc">
      <Filter>Source Files</Filter>
    </ClCompile>
    <ClCompile Include="ofxNode_ofEnableDepthTest.cc">
      <Filter>Source Files</Filter>
    </ClCompile>
    <ClCompile Include="ofxNode_ofEnablePointSprites.cc">
      <Filter>Source Files</Filter>
    </ClCompile>
    <ClCompile Include="ofxNode_ofEnableSmoothing.cc">
      <Filter>Source Files</Filter>
    </ClCompile>
    <ClCompile Include="ofxNode_ofEndSaveScreenAsPDF.cc">
      <Filter>Source Files</Filter>
    </ClCompile>
    <ClCompile Include="ofxNode_ofGetBackground.cc">
      <Filter>Source Files</Filter>
    </ClCompile>
    <ClCompile Include="ofxNode_ofGetCoordHandedness.cc">
      <Filter>Source Files</Filter>
    </ClCompile>
    <ClCompile Include="ofxNode_wrapper_ofVec2f.cc">
      <Filter>Wrappers</Filter>
    </ClCompile>
    <ClCompile Include="ofxNode_wrapper_ofVec3f.cc">
      <Filter>Wrappers</Filter>
    </ClCompile>
    <ClCompile Include="ofxNode_wrapper_ofVec4f.cc">
      <Filter>Wrappers</Filter>
    </ClCompile>
    <ClCompile Include="ofxNode_wrapper_ofColor.cc">
      <Filter>Wrappers</Filter>
    </ClCompile>
    <ClCompile Include="ofxNode_ofLine.cc">
      <Filter>Source Files</Filter>
    </ClCompile>
    <ClCompile Include="ofxNode_ofRandom.cc">
      <Filter>Source Files</Filter>
    </ClCompile>
    <ClCompile Include="ofxNode_ofSetCircleResolution.cc">
      <Filter>Source Files</Filter>
    </ClCompile>
    <ClCompile Include="ofxNode_ofSetWindowTitle.cc">
      <Filter>Source Files</Filter>
    </ClCompile>
    <ClCompile Include="ofxNode_ofSetFrameRate.cc">
      <Filter>Source Files</Filter>
    </ClCompile>
    <ClCompile Include="ofxNode_ofNoFill.cc">
      <Filter>Source Files</Filter>
    </ClCompile>
    <ClCompile Include="ofxNode_ofSetHexColor.cc">
      <Filter>Source Files</Filter>
    </ClCompile>
    <ClCompile Include="ofxNode_ofRect.cc">
      <Filter>Source Files</Filter>
    </ClCompile>
    <ClCompile Include="ofxNode_wrapper_ofQuaternion.cc">
      <Filter>Wrappers</Filter>
    </ClCompile>
    <ClCompile Include="ofxNode_wrapper_ofMatrix4x4.cc">
      <Filter>Wrappers</Filter>
    </ClCompile>
  </ItemGroup>
  <ItemGroup>
    <ClInclude Include="ofApp.h">
      <Filter>Header Files</Filter>
    </ClInclude>
    <ClInclude Include="globals.h">
      <Filter>Header Files</Filter>
    </ClInclude>
    <ClInclude Include="ofxNode_ofRunApp.h">
      <Filter>Header Files</Filter>
    </ClInclude>
    <ClInclude Include="ofxNode_ofSetupOpenGL.h">
      <Filter>Header Files</Filter>
    </ClInclude>
    <ClInclude Include="ofxNode_ofCircle.h">
      <Filter>Header Files</Filter>
    </ClInclude>
    <ClInclude Include="ofxNode_ofFill.h">
      <Filter>Header Files</Filter>
    </ClInclude>
    <ClInclude Include="ofxNode_ofClear.h">
      <Filter>Header Files</Filter>
    </ClInclude>
    <ClInclude Include="ofxNode_ofGetElapsedTimeMillis.h">
      <Filter>Header Files</Filter>
    </ClInclude>
    <ClInclude Include="ofxNode_ofSetColor.h">
      <Filter>Header Files</Filter>
    </ClInclude>
    <ClInclude Include="ofxNode_ofBackground.h">
      <Filter>Header Files</Filter>
    </ClInclude>
    <ClInclude Include="ofxNode_ofBackgroundGradient.h">
      <Filter>Header Files</Filter>
    </ClInclude>
    <ClInclude Include="ofxNode_draw.h">
      <Filter>Header Files</Filter>
    </ClInclude>
    <ClInclude Include="ofxNode_setup.h">
      <Filter>Header Files</Filter>
    </ClInclude>
    <ClInclude Include="ofxNode_exit.h">
      <Filter>Header Files</Filter>
    </ClInclude>
    <ClInclude Include="ofxNode_update.h">
      <Filter>Header Files</Filter>
    </ClInclude>
    <ClInclude Include="ofxNode_keyPressed.h">
      <Filter>Header Files</Filter>
    </ClInclude>
    <ClInclude Include="ofxNode_keyReleased.h">
      <Filter>Header Files</Filter>
    </ClInclude>
    <ClInclude Include="ofxNode_mouseMoved.h">
      <Filter>Header Files</Filter>
    </ClInclude>
    <ClInclude Include="ofxNode_mouseDragged.h">
      <Filter>Header Files</Filter>
    </ClInclude>
    <ClInclude Include="ofxNode_mousePressed.h">
      <Filter>Header Files</Filter>
    </ClInclude>
    <ClInclude Include="ofxNode_mouseReleased.h">
      <Filter>Header Files</Filter>
    </ClInclude>
    <ClInclude Include="ofxNode_windowResized.h">
      <Filter>Header Files</Filter>
    </ClInclude>
    <ClInclude Include="ofxNode_gotMessage.h">
      <Filter>Header Files</Filter>
    </ClInclude>
    <ClInclude Include="ofxNode_dragEvent.h">
      <Filter>Header Files</Filter>
    </ClInclude>
    <ClInclude Include="ofxNode_noop.h">
      <Filter>Header Files</Filter>
    </ClInclude>
    <ClInclude Include="ofxNode_ofBackgroundHex.h">
      <Filter>Header Files</Filter>
    </ClInclude>
    <ClInclude Include="ofxNode_ofBeginSaveScreenAsPDF.h">
      <Filter>Header Files</Filter>
    </ClInclude>
    <ClInclude Include="ofxNode_ofBeginShape.h">
      <Filter>Header Files</Filter>
    </ClInclude>
    <ClInclude Include="ofxNode_ofEndShape.h">
      <Filter>Header Files</Filter>
    </ClInclude>
    <ClInclude Include="ofxNode_ofBezier.h">
      <Filter>Header Files</Filter>
    </ClInclude>
    <ClInclude Include="ofxNode_ofBezierVertex.h">
      <Filter>Header Files</Filter>
    </ClInclude>
    <ClInclude Include="ofxNode_ofBgColorPtr.h">
      <Filter>Header Files</Filter>
    </ClInclude>
    <ClInclude Include="ofxNode_ofClearAlpha.h">
      <Filter>Header Files</Filter>
    </ClInclude>
    <ClInclude Include="ofxNode_ofCurve.h">
      <Filter>Header Files</Filter>
    </ClInclude>
    <ClInclude Include="ofxNode_ofCurveVertex.h">
      <Filter>Header Files</Filter>
    </ClInclude>
    <ClInclude Include="ofxNode_ofCurveVertices.h">
      <Filter>Header Files</Filter>
    </ClInclude>
    <ClInclude Include="ofxNode_ofDisableAlphaBlending.h">
      <Filter>Header Files</Filter>
    </ClInclude>
    <ClInclude Include="ofxNode_ofDisableAntiAliasing.h">
      <Filter>Header Files</Filter>
    </ClInclude>
    <ClInclude Include="ofxNode_ofDisableBlendMode.h">
      <Filter>Header Files</Filter>
    </ClInclude>
    <ClInclude Include="ofxNode_ofDisableDepthTest.h">
      <Filter>Header Files</Filter>
    </ClInclude>
    <ClInclude Include="ofxNode_ofDisablePointSprites.h">
      <Filter>Header Files</Filter>
    </ClInclude>
    <ClInclude Include="ofxNode_ofDisableSmoothing.h">
      <Filter>Header Files</Filter>
    </ClInclude>
    <ClInclude Include="ofxNode_ofDrawBitmapString.h">
      <Filter>Header Files</Filter>
    </ClInclude>
    <ClInclude Include="ofxNode_ofDrawBitmapStringHighlight.h">
      <Filter>Header Files</Filter>
    </ClInclude>
    <ClInclude Include="ofxNode_ofEllipse.h">
      <Filter>Header Files</Filter>
    </ClInclude>
    <ClInclude Include="ofxNode_ofEnableAlphaBlending.h">
      <Filter>Header Files</Filter>
    </ClInclude>
    <ClInclude Include="ofxNode_ofEnableAntiAliasing.h">
      <Filter>Header Files</Filter>
    </ClInclude>
    <ClInclude Include="ofxNode_ofEnableBlendMode.h">
      <Filter>Header Files</Filter>
    </ClInclude>
    <ClInclude Include="ofxNode_ofEnableDepthTest.h">
      <Filter>Header Files</Filter>
    </ClInclude>
    <ClInclude Include="ofxNode_ofEnablePointSprites.h">
      <Filter>Header Files</Filter>
    </ClInclude>
    <ClInclude Include="ofxNode_ofEnableSmoothing.h">
      <Filter>Header Files</Filter>
    </ClInclude>
    <ClInclude Include="ofxNode_ofEndSaveScreenAsPDF.h">
      <Filter>Header Files</Filter>
    </ClInclude>
    <ClInclude Include="ofxNode_ofGetBackground.h">
      <Filter>Header Files</Filter>
    </ClInclude>
    <ClInclude Include="ofxNode_ofGetCoordHandedness.h">
      <Filter>Header Files</Filter>
    </ClInclude>
    <ClInclude Include="ofxNode_wrapper_ofVec2f.h">
      <Filter>Wrappers</Filter>
    </ClInclude>
    <ClInclude Include="ofxNode_wrapper_ofVec3f.h">
      <Filter>Wrappers</Filter>
    </ClInclude>
    <ClInclude Include="ofxNode_wrapper_ofVec4f.h">
      <Filter>Wrappers</Filter>
    </ClInclude>
    <ClInclude Include="ofxNode_wrapper_ofColor.h">
      <Filter>Wrappers</Filter>
    </ClInclude>
    <ClInclude Include="ofxNode_ofLine.h">
      <Filter>Header Files</Filter>
    </ClInclude>
    <ClInclude Include="ofxNode_ofRandom.h">
      <Filter>Header Files</Filter>
    </ClInclude>
    <ClInclude Include="ofxNode_ofSetCircleResolution.h">
      <Filter>Header Files</Filter>
    </ClInclude>
    <ClInclude Include="ofxNode_ofSetWindowTitle.h">
      <Filter>Header Files</Filter>
    </ClInclude>
    <ClInclude Include="ofxNode_ofSetFrameRate.h">
      <Filter>Header Files</Filter>
    </ClInclude>
    <ClInclude Include="ofxNode_ofNoFill.h">
      <Filter>Header Files</Filter>
    </ClInclude>
    <ClInclude Include="ofxNode_ofSetHexColor.h">
      <Filter>Header Files</Filter>
    </ClInclude>
    <ClInclude Include="ofxNode_ofRect.h">
      <Filter>Header Files</Filter>
    </ClInclude>
    <ClInclude Include="ofxNode_wrapper_ofQuaternion.h">
      <Filter>Wrappers</Filter>
    </ClInclude>
    <ClInclude Include="ofxNode_wrapper_ofMatrix4x4.h">
      <Filter>Wrappers</Filter>
    </ClInclude>
  </ItemGroup>
  <ItemGroup>
    <None Include="ofApp.js">
      <Filter>Javascript Files</Filter>
    </None>
  </ItemGroup>
</Project>