<?xml version="1.0" encoding="utf-8"?>
<Project ToolsVersion="4.0" xmlns="http://schemas.microsoft.com/developer/msbuild/2003">
  <ItemGroup>
    <Filter Include="Source Files">
      <UniqueIdentifier>{4FC737F1-C7A5-4376-A066-2A32D752A2FF}</UniqueIdentifier>
      <Extensions>cpp;c;cc;cxx;def;odl;idl;hpj;bat;asm;asmx</Extensions>
    </Filter>
    <Filter Include="Header Files">
      <UniqueIdentifier>{93995380-89BD-4b04-88EB-625FBE52EBFB}</UniqueIdentifier>
      <Extensions>h;hpp;hxx;hm;inl;inc;xsd</Extensions>
    </Filter>
    <Filter Include="Resource Files">
      <UniqueIdentifier>{67DA6AB6-F800-4c08-8B7A-83BB121AAD01}</UniqueIdentifier>
      <Extensions>rc;ico;cur;bmp;dlg;rc2;rct;bin;rgs;gif;jpg;jpeg;jpe;resx;tiff;tif;png;wav;mfcribbon-ms</Extensions>
    </Filter>
    <Filter Include="Javascript Files">
      <UniqueIdentifier>{54f9980a-0a2a-4568-90c8-5be8e4574e8f}</UniqueIdentifier>
    </Filter>
  </ItemGroup>
  <ItemGroup>
    <ClCompile Include="ofxNode_ofSetupOpenGL.cc">
      <Filter>Source Files</Filter>
    </ClCompile>
    <ClCompile Include="ofxNode_ofRunApp.cc">
      <Filter>Source Files</Filter>
    </ClCompile>
    <ClCompile Include="ofApp.cc">
      <Filter>Source Files</Filter>
    </ClCompile>
    <ClCompile Include="main.cc">
      <Filter>Source Files</Filter>
    </ClCompile>
    <ClCompile Include="ofxNode_ofCircle.cc">
      <Filter>Source Files</Filter>
    </ClCompile>
    <ClCompile Include="ofxNode_ofFill.cc">
      <Filter>Source Files</Filter>
    </ClCompile>
    <ClCompile Include="ofxNode_ofClear.cc">
      <Filter>Source Files</Filter>
    </ClCompile>
    <ClCompile Include="ofxNode_ofGetElapsedTimeMillis.cc">
      <Filter>Source Files</Filter>
    </ClCompile>
    <ClCompile Include="ofxNode_ofSetColor.cc">
      <Filter>Source Files</Filter>
    </ClCompile>
    <ClCompile Include="ofxNode_ofBackground.cc">
      <Filter>Source Files</Filter>
    </ClCompile>
    <ClCompile Include="ofxNode_ofBackgroundGradient.cc">
      <Filter>Source Files</Filter>
    </ClCompile>
    <ClCompile Include="ofxNode_draw.cc">
      <Filter>Source Files</Filter>
    </ClCompile>
    <ClCompile Include="ofxNode_setup.cc">
      <Filter>Source Files</Filter>
    </ClCompile>
    <ClCompile Include="ofxNode_exit.cc">
      <Filter>Source Files</Filter>
    </ClCompile>
    <ClCompile Include="ofxNode_update.cc">
      <Filter>Source Files</Filter>
    </ClCompile>
    <ClCompile Include="ofxNode_keyPressed.cc">
      <Filter>Source Files</Filter>
    </ClCompile>
    <ClCompile Include="ofxNode_keyReleased.cc">
      <Filter>Source Files</Filter>
    </ClCompile>
    <ClCompile Include="ofxNode_mouseMoved.cc">
      <Filter>Source Files</Filter>
    </ClCompile>
    <ClCompile Include="ofxNode_mouseDragged.cc">
      <Filter>Source Files</Filter>
    </ClCompile>
    <ClCompile Include="ofxNode_mousePressed.cc">
      <Filter>Source Files</Filter>
    </ClCompile>
    <ClCompile Include="ofxNode_mouseReleased.cc">
      <Filter>Source Files</Filter>
    </ClCompile>
    <ClCompile Include="ofxNode_windowResized.cc">
      <Filter>Source Files</Filter>
    </ClCompile>
    <ClCompile Include="ofxNode_gotMessage.cc">
      <Filter>Source Files</Filter>
    </ClCompile>
    <ClCompile Include="ofxNode_dragEvent.cc">
      <Filter>Source Files</Filter>
    </ClCompile>
    <ClCompile Include="ofxNode_noop.cc">
      <Filter>Source Files</Filter>
    </ClCompile>
  </ItemGroup>
  <ItemGroup>
    <ClInclude Include="ofApp.h">
      <Filter>Header Files</Filter>
    </ClInclude>
    <ClInclude Include="globals.h">
      <Filter>Header Files</Filter>
    </ClInclude>
    <ClInclude Include="ofxNode_ofRunApp.h">
      <Filter>Header Files</Filter>
    </ClInclude>
    <ClInclude Include="ofxNode_ofSetupOpenGL.h">
      <Filter>Header Files</Filter>
    </ClInclude>
    <ClInclude Include="ofxNode_ofCircle.h">
      <Filter>Header Files</Filter>
    </ClInclude>
    <ClInclude Include="ofxNode_ofFill.h">
      <Filter>Header Files</Filter>
    </ClInclude>
    <ClInclude Include="ofxNode_ofClear.h">
      <Filter>Header Files</Filter>
    </ClInclude>
    <ClInclude Include="ofxNode_ofGetElapsedTimeMillis.h">
      <Filter>Header Files</Filter>
    </ClInclude>
    <ClInclude Include="ofxNode_ofSetColor.h">
      <Filter>Header Files</Filter>
    </ClInclude>
    <ClInclude Include="ofxNode_ofBackground.h">
      <Filter>Header Files</Filter>
    </ClInclude>
    <ClInclude Include="ofxNode_ofBackgroundGradient.h">
      <Filter>Header Files</Filter>
    </ClInclude>
    <ClInclude Include="ofxNode_draw.h">
      <Filter>Header Files</Filter>
    </ClInclude>
    <ClInclude Include="ofxNode_setup.h">
      <Filter>Header Files</Filter>
    </ClInclude>
    <ClInclude Include="ofxNode_exit.h">
      <Filter>Header Files</Filter>
    </ClInclude>
    <ClInclude Include="ofxNode_update.h">
      <Filter>Header Files</Filter>
    </ClInclude>
    <ClInclude Include="ofxNode_keyPressed.h">
      <Filter>Header Files</Filter>
    </ClInclude>
    <ClInclude Include="ofxNode_keyReleased.h">
      <Filter>Header Files</Filter>
    </ClInclude>
    <ClInclude Include="ofxNode_mouseMoved.h">
      <Filter>Header Files</Filter>
    </ClInclude>
    <ClInclude Include="ofxNode_mouseDragged.h">
      <Filter>Header Files</Filter>
    </ClInclude>
    <ClInclude Include="ofxNode_mousePressed.h">
      <Filter>Header Files</Filter>
    </ClInclude>
    <ClInclude Include="ofxNode_mouseReleased.h">
      <Filter>Header Files</Filter>
    </ClInclude>
    <ClInclude Include="ofxNode_windowResized.h">
      <Filter>Header Files</Filter>
    </ClInclude>
    <ClInclude Include="ofxNode_gotMessage.h">
      <Filter>Header Files</Filter>
    </ClInclude>
    <ClInclude Include="ofxNode_dragEvent.h">
      <Filter>Header Files</Filter>
    </ClInclude>
    <ClInclude Include="ofxNode_noop.h">
      <Filter>Header Files</Filter>
    </ClInclude>
  </ItemGroup>
  <ItemGroup>
    <None Include="ofApp.js">
      <Filter>Javascript Files</Filter>
    </None>
  </ItemGroup>
</Project>