<?xml version="1.0" encoding="utf-8"?>
<Project ToolsVersion="4.0" xmlns="http://schemas.microsoft.com/developer/msbuild/2003">
  <ItemGroup>
    <Filter Include="Source Files">
      <UniqueIdentifier>{4FC737F1-C7A5-4376-A066-2A32D752A2FF}</UniqueIdentifier>
      <Extensions>cpp;c;cc;cxx;def;odl;idl;hpj;bat;asm;asmx</Extensions>
    </Filter>
    <Filter Include="Header Files">
      <UniqueIdentifier>{93995380-89BD-4b04-88EB-625FBE52EBFB}</UniqueIdentifier>
      <Extensions>h;hpp;hxx;hm;inl;inc;xsd</Extensions>
    </Filter>
    <Filter Include="Resource Files">
      <UniqueIdentifier>{67DA6AB6-F800-4c08-8B7A-83BB121AAD01}</UniqueIdentifier>
      <Extensions>rc;ico;cur;bmp;dlg;rc2;rct;bin;rgs;gif;jpg;jpeg;jpe;resx;tiff;tif;png;wav;mfcribbon-ms</Extensions>
    </Filter>
    <Filter Include="Javascript Files">
      <UniqueIdentifier>{54f9980a-0a2a-4568-90c8-5be8e4574e8f}</UniqueIdentifier>
    </Filter>
    <Filter Include="Wrappers">
      <UniqueIdentifier>{1597d81e-1fdd-4b4d-a4ef-587c31ecd18e}</UniqueIdentifier>
    </Filter>
    <Filter Include="ofGraphics">
      <UniqueIdentifier>{43796d74-283e-478e-a9e4-d73c4119b0c2}</UniqueIdentifier>
    </Filter>
    <Filter Include="internals">
      <UniqueIdentifier>{250e58a1-5ba4-448c-851c-37b43eb622c4}</UniqueIdentifier>
    </Filter>
    <Filter Include="misc">
      <UniqueIdentifier>{27239f6a-a3c2-4e88-9989-346f3a1009b9}</UniqueIdentifier>
    </Filter>
    <Filter Include="ofMath">
      <UniqueIdentifier>{b2d4436b-5840-4f6e-bf73-b4d77e579204}</UniqueIdentifier>
    </Filter>
  </ItemGroup>
  <ItemGroup>
    <ClCompile Include="ofApp.cc">
      <Filter>Source Files</Filter>
    </ClCompile>
    <ClCompile Include="main.cc">
      <Filter>Source Files</Filter>
    </ClCompile>
    <ClCompile Include="ofxNode_wrapper_ofVec2f.cc">
      <Filter>Wrappers</Filter>
    </ClCompile>
    <ClCompile Include="ofxNode_wrapper_ofVec3f.cc">
      <Filter>Wrappers</Filter>
    </ClCompile>
    <ClCompile Include="ofxNode_wrapper_ofVec4f.cc">
      <Filter>Wrappers</Filter>
    </ClCompile>
    <ClCompile Include="ofxNode_wrapper_ofColor.cc">
      <Filter>Wrappers</Filter>
    </ClCompile>
    <ClCompile Include="ofxNode_wrapper_ofQuaternion.cc">
      <Filter>Wrappers</Filter>
    </ClCompile>
    <ClCompile Include="ofxNode_wrapper_ofMatrix4x4.cc">
      <Filter>Wrappers</Filter>
    </ClCompile>
    <ClCompile Include="ofxNode_wrapper_ofStyle.cc">
      <Filter>Wrappers</Filter>
    </ClCompile>
    <ClCompile Include="ofxNode_wrapper_ofRectangle.cc">
      <Filter>Wrappers</Filter>
    </ClCompile>
    <ClCompile Include="ofxNode_ofBackground.cc">
      <Filter>ofGraphics</Filter>
    </ClCompile>
    <ClCompile Include="ofxNode_ofBackgroundGradient.cc">
      <Filter>ofGraphics</Filter>
    </ClCompile>
    <ClCompile Include="ofxNode_ofBackgroundHex.cc">
      <Filter>ofGraphics</Filter>
    </ClCompile>
    <ClCompile Include="ofxNode_ofbClearBg.cc">
      <Filter>ofGraphics</Filter>
    </ClCompile>
    <ClCompile Include="ofxNode_ofBeginSaveScreenAsPDF.cc">
      <Filter>ofGraphics</Filter>
    </ClCompile>
    <ClCompile Include="ofxNode_ofBeginShape.cc">
      <Filter>ofGraphics</Filter>
    </ClCompile>
    <ClCompile Include="ofxNode_ofBezier.cc">
      <Filter>ofGraphics</Filter>
    </ClCompile>
    <ClCompile Include="ofxNode_ofBezierVertex.cc">
      <Filter>ofGraphics</Filter>
    </ClCompile>
    <ClCompile Include="ofxNode_ofBgColorPtr.cc">
      <Filter>ofGraphics</Filter>
    </ClCompile>
    <ClCompile Include="ofxNode_ofCircle.cc">
      <Filter>ofGraphics</Filter>
    </ClCompile>
    <ClCompile Include="ofxNode_ofClear.cc">
      <Filter>ofGraphics</Filter>
    </ClCompile>
    <ClCompile Include="ofxNode_ofClearAlpha.cc">
      <Filter>ofGraphics</Filter>
    </ClCompile>
    <ClCompile Include="ofxNode_ofCurve.cc">
      <Filter>ofGraphics</Filter>
    </ClCompile>
    <ClCompile Include="ofxNode_ofCurveVertex.cc">
      <Filter>ofGraphics</Filter>
    </ClCompile>
    <ClCompile Include="ofxNode_ofCurveVertices.cc">
      <Filter>ofGraphics</Filter>
    </ClCompile>
    <ClCompile Include="ofxNode_ofDisableAlphaBlending.cc">
      <Filter>ofGraphics</Filter>
    </ClCompile>
    <ClCompile Include="ofxNode_ofDisableAntiAliasing.cc">
      <Filter>ofGraphics</Filter>
    </ClCompile>
    <ClCompile Include="ofxNode_ofDisableBlendMode.cc">
      <Filter>ofGraphics</Filter>
    </ClCompile>
    <ClCompile Include="ofxNode_ofDisableDepthTest.cc">
      <Filter>ofGraphics</Filter>
    </ClCompile>
    <ClCompile Include="ofxNode_ofDisablePointSprites.cc">
      <Filter>ofGraphics</Filter>
    </ClCompile>
    <ClCompile Include="ofxNode_ofDisableSmoothing.cc">
      <Filter>ofGraphics</Filter>
    </ClCompile>
    <ClCompile Include="ofxNode_ofDrawBitmapString.cc">
      <Filter>ofGraphics</Filter>
    </ClCompile>
    <ClCompile Include="ofxNode_ofDrawBitmapStringHighlight.cc">
      <Filter>ofGraphics</Filter>
    </ClCompile>
    <ClCompile Include="ofxNode_ofEllipse.cc">
      <Filter>ofGraphics</Filter>
    </ClCompile>
    <ClCompile Include="ofxNode_ofEnableAlphaBlending.cc">
      <Filter>ofGraphics</Filter>
    </ClCompile>
    <ClCompile Include="ofxNode_ofEnableAntiAliasing.cc">
      <Filter>ofGraphics</Filter>
    </ClCompile>
    <ClCompile Include="ofxNode_ofEnableBlendMode.cc">
      <Filter>ofGraphics</Filter>
    </ClCompile>
    <ClCompile Include="ofxNode_ofEnableDepthTest.cc">
      <Filter>ofGraphics</Filter>
    </ClCompile>
    <ClCompile Include="ofxNode_ofEnablePointSprites.cc">
      <Filter>ofGraphics</Filter>
    </ClCompile>
    <ClCompile Include="ofxNode_ofEnableSmoothing.cc">
      <Filter>ofGraphics</Filter>
    </ClCompile>
    <ClCompile Include="ofxNode_ofEndSaveScreenAsPDF.cc">
      <Filter>ofGraphics</Filter>
    </ClCompile>
    <ClCompile Include="ofxNode_ofEndShape.cc">
      <Filter>ofGraphics</Filter>
    </ClCompile>
    <ClCompile Include="ofxNode_ofFill.cc">
      <Filter>ofGraphics</Filter>
    </ClCompile>
    <ClCompile Include="ofxNode_ofGetBackground.cc">
      <Filter>ofGraphics</Filter>
    </ClCompile>
    <ClCompile Include="ofxNode_ofGetCoordHandedness.cc">
      <Filter>ofGraphics</Filter>
    </ClCompile>
    <ClCompile Include="ofxNode_ofGetCurrentMatrix.cc">
      <Filter>ofGraphics</Filter>
    </ClCompile>
    <ClCompile Include="ofxNode_ofGetCurrentRenderer.cc">
      <Filter>ofGraphics</Filter>
    </ClCompile>
    <ClCompile Include="ofxNode_ofGetCurrentViewport.cc">
      <Filter>ofGraphics</Filter>
    </ClCompile>
    <ClCompile Include="ofxNode_ofGetFill.cc">
      <Filter>ofGraphics</Filter>
    </ClCompile>
    <ClCompile Include="ofxNode_ofGetNativeViewport.cc">
      <Filter>ofGraphics</Filter>
    </ClCompile>
    <ClCompile Include="ofxNode_ofGetRectMode.cc">
      <Filter>ofGraphics</Filter>
    </ClCompile>
    <ClCompile Include="ofxNode_ofGetStyle.cc">
      <Filter>ofGraphics</Filter>
    </ClCompile>
    <ClCompile Include="ofxNode_ofGetViewportHeight.cc">
      <Filter>ofGraphics</Filter>
    </ClCompile>
    <ClCompile Include="ofxNode_ofGetViewportWidth.cc">
      <Filter>ofGraphics</Filter>
    </ClCompile>
    <ClCompile Include="ofxNode_ofIsVFlipped.cc">
      <Filter>ofGraphics</Filter>
    </ClCompile>
    <ClCompile Include="ofxNode_ofLine.cc">
      <Filter>ofGraphics</Filter>
    </ClCompile>
    <ClCompile Include="ofxNode_ofLoadIdentityMatrix.cc">
      <Filter>ofGraphics</Filter>
    </ClCompile>
    <ClCompile Include="ofxNode_ofLoadMatrix.cc">
      <Filter>ofGraphics</Filter>
    </ClCompile>
    <ClCompile Include="ofxNode_ofMultMatrix.cc">
      <Filter>ofGraphics</Filter>
    </ClCompile>
    <ClCompile Include="ofxNode_ofNextContour.cc">
      <Filter>ofGraphics</Filter>
    </ClCompile>
    <ClCompile Include="ofxNode_ofNoFill.cc">
      <Filter>ofGraphics</Filter>
    </ClCompile>
    <ClCompile Include="ofxNode_ofOrientationToDegrees.cc">
      <Filter>ofGraphics</Filter>
    </ClCompile>
    <ClCompile Include="ofxNode_ofPopMatrix.cc">
      <Filter>ofGraphics</Filter>
    </ClCompile>
    <ClCompile Include="ofxNode_ofPopStyle.cc">
      <Filter>ofGraphics</Filter>
    </ClCompile>
    <ClCompile Include="ofxNode_ofPopView.cc">
      <Filter>ofGraphics</Filter>
    </ClCompile>
    <ClCompile Include="ofxNode_ofPushMatrix.cc">
      <Filter>ofGraphics</Filter>
    </ClCompile>
    <ClCompile Include="ofxNode_ofPushStyle.cc">
      <Filter>ofGraphics</Filter>
    </ClCompile>
    <ClCompile Include="ofxNode_ofPushView.cc">
      <Filter>ofGraphics</Filter>
    </ClCompile>
    <ClCompile Include="ofxNode_ofRect.cc">
      <Filter>ofGraphics</Filter>
    </ClCompile>
    <ClCompile Include="ofxNode_ofRectRounded.cc">
      <Filter>ofGraphics</Filter>
    </ClCompile>
    <ClCompile Include="ofxNode_ofRotate.cc">
      <Filter>ofGraphics</Filter>
    </ClCompile>
    <ClCompile Include="ofxNode_ofRotateX.cc">
      <Filter>ofGraphics</Filter>
    </ClCompile>
    <ClCompile Include="ofxNode_ofRotateY.cc">
      <Filter>ofGraphics</Filter>
    </ClCompile>
    <ClCompile Include="ofxNode_ofRotateZ.cc">
      <Filter>ofGraphics</Filter>
    </ClCompile>
    <ClCompile Include="ofxNode_ofScale.cc">
      <Filter>ofGraphics</Filter>
    </ClCompile>
    <ClCompile Include="ofxNode_ofSetBackgroundAuto.cc">
      <Filter>ofGraphics</Filter>
    </ClCompile>
    <ClCompile Include="ofxNode_ofSetBackgroundColor.cc">
      <Filter>ofGraphics</Filter>
    </ClCompile>
    <ClCompile Include="ofxNode_ofSetBackgroundColorHex.cc">
      <Filter>ofGraphics</Filter>
    </ClCompile>
    <ClCompile Include="ofxNode_ofSetCircleResolution.cc">
      <Filter>ofGraphics</Filter>
    </ClCompile>
    <ClCompile Include="ofxNode_ofSetColor.cc">
      <Filter>ofGraphics</Filter>
    </ClCompile>
    <ClCompile Include="ofxNode_ofSetCoordHandedness.cc">
      <Filter>ofGraphics</Filter>
    </ClCompile>
    <ClCompile Include="ofxNode_ofSetCurrentRenderer.cc">
      <Filter>ofGraphics</Filter>
    </ClCompile>
    <ClCompile Include="ofxNode_ofSetCurveResolution.cc">
      <Filter>ofGraphics</Filter>
    </ClCompile>
    <ClCompile Include="ofxNode_ofSetDepthTest.cc">
      <Filter>ofGraphics</Filter>
    </ClCompile>
    <ClCompile Include="ofxNode_ofSetDrawBitmapMode.cc">
      <Filter>ofGraphics</Filter>
    </ClCompile>
    <ClCompile Include="ofxNode_ofSetHexColor.cc">
      <Filter>ofGraphics</Filter>
    </ClCompile>
    <ClCompile Include="ofxNode_ofSetLineWidth.cc">
      <Filter>ofGraphics</Filter>
    </ClCompile>
    <ClCompile Include="ofxNode_ofSetMatrixMode.cc">
      <Filter>ofGraphics</Filter>
    </ClCompile>
    <ClCompile Include="ofxNode_ofSetPolyMode.cc">
      <Filter>ofGraphics</Filter>
    </ClCompile>
    <ClCompile Include="ofxNode_ofSetRectMode.cc">
      <Filter>ofGraphics</Filter>
    </ClCompile>
    <ClCompile Include="ofxNode_ofSetStyle.cc">
      <Filter>ofGraphics</Filter>
    </ClCompile>
    <ClCompile Include="ofxNode_ofSetupScreen.cc">
      <Filter>ofGraphics</Filter>
    </ClCompile>
    <ClCompile Include="ofxNode_ofSetupScreenOrtho.cc">
      <Filter>ofGraphics</Filter>
    </ClCompile>
    <ClCompile Include="ofxNode_ofSetupScreenPerspective.cc">
      <Filter>ofGraphics</Filter>
    </ClCompile>
    <ClCompile Include="ofxNode_ofTranslate.cc">
      <Filter>ofGraphics</Filter>
    </ClCompile>
    <ClCompile Include="ofxNode_ofTriangle.cc">
      <Filter>ofGraphics</Filter>
    </ClCompile>
    <ClCompile Include="ofxNode_ofVertex.cc">
      <Filter>ofGraphics</Filter>
    </ClCompile>
    <ClCompile Include="ofxNode_ofVertices.cc">
      <Filter>ofGraphics</Filter>
    </ClCompile>
    <ClCompile Include="ofxNode_ofViewport.cc">
      <Filter>ofGraphics</Filter>
    </ClCompile>
    <ClCompile Include="ofxNode_dragEvent.cc">
      <Filter>internals</Filter>
    </ClCompile>
    <ClCompile Include="ofxNode_draw.cc">
      <Filter>internals</Filter>
    </ClCompile>
    <ClCompile Include="ofxNode_exit.cc">
      <Filter>internals</Filter>
    </ClCompile>
    <ClCompile Include="ofxNode_gotMessage.cc">
      <Filter>internals</Filter>
    </ClCompile>
    <ClCompile Include="ofxNode_keyPressed.cc">
      <Filter>internals</Filter>
    </ClCompile>
    <ClCompile Include="ofxNode_keyReleased.cc">
      <Filter>internals</Filter>
    </ClCompile>
    <ClCompile Include="ofxNode_mouseDragged.cc">
      <Filter>internals</Filter>
    </ClCompile>
    <ClCompile Include="ofxNode_mouseMoved.cc">
      <Filter>internals</Filter>
    </ClCompile>
    <ClCompile Include="ofxNode_mousePressed.cc">
      <Filter>internals</Filter>
    </ClCompile>
    <ClCompile Include="ofxNode_mouseReleased.cc">
      <Filter>internals</Filter>
    </ClCompile>
    <ClCompile Include="ofxNode_update.cc">
      <Filter>internals</Filter>
    </ClCompile>
    <ClCompile Include="ofxNode_setup.cc">
      <Filter>internals</Filter>
    </ClCompile>
    <ClCompile Include="ofxNode_windowResized.cc">
      <Filter>misc</Filter>
    </ClCompile>
    <ClCompile Include="ofxNode_noop.cc">
      <Filter>misc</Filter>
    </ClCompile>
    <ClCompile Include="ofxNode_ofGetElapsedTimef.cc">
      <Filter>misc</Filter>
    </ClCompile>
    <ClCompile Include="ofxNode_ofGetElapsedTimeMillis.cc">
      <Filter>misc</Filter>
    </ClCompile>
    <ClCompile Include="ofxNode_ofGetHeight.cc">
      <Filter>misc</Filter>
    </ClCompile>
    <ClCompile Include="ofxNode_ofGetMouseX.cc">
      <Filter>misc</Filter>
    </ClCompile>
    <ClCompile Include="ofxNode_ofGetMouseY.cc">
      <Filter>misc</Filter>
    </ClCompile>
    <ClCompile Include="ofxNode_ofGetWidth.cc">
      <Filter>misc</Filter>
    </ClCompile>
    <ClCompile Include="ofxNode_ofRunApp.cc">
      <Filter>misc</Filter>
    </ClCompile>
    <ClCompile Include="ofxNode_ofSetFrameRate.cc">
      <Filter>misc</Filter>
    </ClCompile>
    <ClCompile Include="ofxNode_ofSetupOpenGL.cc">
      <Filter>misc</Filter>
    </ClCompile>
    <ClCompile Include="ofxNode_ofSetWindowTitle.cc">
      <Filter>misc</Filter>
    </ClCompile>
    <ClCompile Include="ofxNode_wrapper_ofTrueTypeFont.cc">
      <Filter>Wrappers</Filter>
    </ClCompile>
    <ClCompile Include="ofxNode_wrapper_ofImage.cc">
      <Filter>Wrappers</Filter>
    </ClCompile>
    <ClCompile Include="ofxNode_ofAngleDifferenceDegrees.cc">
      <Filter>Source Files</Filter>
    </ClCompile>
    <ClCompile Include="ofxNode_ofAngleDifferenceRadians.cc">
      <Filter>Source Files</Filter>
    </ClCompile>
    <ClCompile Include="ofxNode_ofBezierPoint.cc">
      <Filter>Source Files</Filter>
    </ClCompile>
    <ClCompile Include="ofxNode_ofBezierTangent.cc">
      <Filter>Source Files</Filter>
    </ClCompile>
    <ClCompile Include="ofxNode_ofClamp.cc">
      <Filter>Source Files</Filter>
    </ClCompile>
    <ClCompile Include="ofxNode_ofCurvePoint.cc">
      <Filter>Source Files</Filter>
    </ClCompile>
    <ClCompile Include="ofxNode_ofCurveTangent.cc">
      <Filter>Source Files</Filter>
    </ClCompile>
    <ClCompile Include="ofxNode_ofDegToRad.cc">
      <Filter>Source Files</Filter>
    </ClCompile>
    <ClCompile Include="ofxNode_ofDist.cc">
      <Filter>Source Files</Filter>
    </ClCompile>
    <ClCompile Include="ofxNode_ofDistSquared.cc">
      <Filter>Source Files</Filter>
    </ClCompile>
    <ClCompile Include="ofxNode_ofInRange.cc">
      <Filter>Source Files</Filter>
    </ClCompile>
    <ClCompile Include="ofxNode_ofInsidePoly.cc">
      <Filter>Source Files</Filter>
    </ClCompile>
    <ClCompile Include="ofxNode_ofInterpolateCatmullRom.cc">
      <Filter>Source Files</Filter>
    </ClCompile>
    <ClCompile Include="ofxNode_ofInterpolateCosine.cc">
      <Filter>Source Files</Filter>
    </ClCompile>
    <ClCompile Include="ofxNode_ofInterpolateCubic.cc">
      <Filter>Source Files</Filter>
    </ClCompile>
    <ClCompile Include="ofxNode_ofInterpolateHermite.cc">
      <Filter>Source Files</Filter>
    </ClCompile>
    <ClCompile Include="ofxNode_ofLerp.cc">
      <Filter>Source Files</Filter>
    </ClCompile>
    <ClCompile Include="ofxNode_ofLerpDegrees.cc">
      <Filter>Source Files</Filter>
    </ClCompile>
    <ClCompile Include="ofxNode_ofLerpRadians.cc">
      <Filter>Source Files</Filter>
    </ClCompile>
    <ClCompile Include="ofxNode_ofLineSegmentIntersection.cc">
      <Filter>Source Files</Filter>
    </ClCompile>
    <ClCompile Include="ofxNode_ofMap.cc">
      <Filter>Source Files</Filter>
    </ClCompile>
    <ClCompile Include="ofxNode_ofNextPow2.cc">
      <Filter>Source Files</Filter>
    </ClCompile>
    <ClCompile Include="ofxNode_ofNoise.cc">
      <Filter>Source Files</Filter>
    </ClCompile>
    <ClCompile Include="ofxNode_ofNormalize.cc">
      <Filter>Source Files</Filter>
    </ClCompile>
    <ClCompile Include="ofxNode_ofRadToDeg.cc">
      <Filter>Source Files</Filter>
    </ClCompile>
    <ClCompile Include="ofxNode_ofRandomf.cc">
      <Filter>Source Files</Filter>
    </ClCompile>
    <ClCompile Include="ofxNode_ofRandomHeight.cc">
      <Filter>Source Files</Filter>
    </ClCompile>
    <ClCompile Include="ofxNode_ofRandomuf.cc">
      <Filter>Source Files</Filter>
    </ClCompile>
    <ClCompile Include="ofxNode_ofRandomWidth.cc">
      <Filter>Source Files</Filter>
    </ClCompile>
    <ClCompile Include="ofxNode_ofSeedRandom.cc">
      <Filter>Source Files</Filter>
    </ClCompile>
    <ClCompile Include="ofxNode_ofSign.cc">
      <Filter>Source Files</Filter>
    </ClCompile>
    <ClCompile Include="ofxNode_ofSignedNoise.cc">
      <Filter>Source Files</Filter>
    </ClCompile>
    <ClCompile Include="ofxNode_ofWrap.cc">
      <Filter>Source Files</Filter>
    </ClCompile>
    <ClCompile Include="ofxNode_ofWrapDegrees.cc">
      <Filter>Source Files</Filter>
    </ClCompile>
    <ClCompile Include="ofxNode_ofWrapRadians.cc">
      <Filter>Source Files</Filter>
    </ClCompile>
    <ClCompile Include="ofxNode_ofRandom.cc">
      <Filter>ofMath</Filter>
    </ClCompile>
  </ItemGroup>
  <ItemGroup>
    <ClInclude Include="ofApp.h">
      <Filter>Header Files</Filter>
    </ClInclude>
    <ClInclude Include="globals.h">
      <Filter>Header Files</Filter>
    </ClInclude>
    <ClInclude Include="ofxNode_wrapper_ofVec2f.h">
      <Filter>Wrappers</Filter>
    </ClInclude>
    <ClInclude Include="ofxNode_wrapper_ofVec3f.h">
      <Filter>Wrappers</Filter>
    </ClInclude>
    <ClInclude Include="ofxNode_wrapper_ofVec4f.h">
      <Filter>Wrappers</Filter>
    </ClInclude>
    <ClInclude Include="ofxNode_wrapper_ofColor.h">
      <Filter>Wrappers</Filter>
    </ClInclude>
    <ClInclude Include="ofxNode_wrapper_ofQuaternion.h">
      <Filter>Wrappers</Filter>
    </ClInclude>
    <ClInclude Include="ofxNode_wrapper_ofMatrix4x4.h">
      <Filter>Wrappers</Filter>
    </ClInclude>
    <ClInclude Include="ofxNode_wrapper_ofStyle.h">
      <Filter>Wrappers</Filter>
    </ClInclude>
    <ClInclude Include="ofxNode_wrapper_ofRectangle.h">
      <Filter>Wrappers</Filter>
    </ClInclude>
    <ClInclude Include="ofxNode_ofViewport.h">
      <Filter>ofGraphics</Filter>
    </ClInclude>
    <ClInclude Include="ofxNode_ofBackground.h">
      <Filter>ofGraphics</Filter>
    </ClInclude>
    <ClInclude Include="ofxNode_ofBackgroundGradient.h">
      <Filter>ofGraphics</Filter>
    </ClInclude>
    <ClInclude Include="ofxNode_ofBackgroundHex.h">
      <Filter>ofGraphics</Filter>
    </ClInclude>
    <ClInclude Include="ofxNode_ofbClearBg.h">
      <Filter>ofGraphics</Filter>
    </ClInclude>
    <ClInclude Include="ofxNode_ofBeginSaveScreenAsPDF.h">
      <Filter>ofGraphics</Filter>
    </ClInclude>
    <ClInclude Include="ofxNode_ofBeginShape.h">
      <Filter>ofGraphics</Filter>
    </ClInclude>
    <ClInclude Include="ofxNode_ofBezier.h">
      <Filter>ofGraphics</Filter>
    </ClInclude>
    <ClInclude Include="ofxNode_ofBezierVertex.h">
      <Filter>ofGraphics</Filter>
    </ClInclude>
    <ClInclude Include="ofxNode_ofBgColorPtr.h">
      <Filter>ofGraphics</Filter>
    </ClInclude>
    <ClInclude Include="ofxNode_ofCircle.h">
      <Filter>ofGraphics</Filter>
    </ClInclude>
    <ClInclude Include="ofxNode_ofClear.h">
      <Filter>ofGraphics</Filter>
    </ClInclude>
    <ClInclude Include="ofxNode_ofClearAlpha.h">
      <Filter>ofGraphics</Filter>
    </ClInclude>
    <ClInclude Include="ofxNode_ofCurve.h">
      <Filter>ofGraphics</Filter>
    </ClInclude>
    <ClInclude Include="ofxNode_ofCurveVertex.h">
      <Filter>ofGraphics</Filter>
    </ClInclude>
    <ClInclude Include="ofxNode_ofCurveVertices.h">
      <Filter>ofGraphics</Filter>
    </ClInclude>
    <ClInclude Include="ofxNode_ofDisableAlphaBlending.h">
      <Filter>ofGraphics</Filter>
    </ClInclude>
    <ClInclude Include="ofxNode_ofDisableAntiAliasing.h">
      <Filter>ofGraphics</Filter>
    </ClInclude>
    <ClInclude Include="ofxNode_ofDisableBlendMode.h">
      <Filter>ofGraphics</Filter>
    </ClInclude>
    <ClInclude Include="ofxNode_ofDisableDepthTest.h">
      <Filter>ofGraphics</Filter>
    </ClInclude>
    <ClInclude Include="ofxNode_ofDisablePointSprites.h">
      <Filter>ofGraphics</Filter>
    </ClInclude>
    <ClInclude Include="ofxNode_ofDisableSmoothing.h">
      <Filter>ofGraphics</Filter>
    </ClInclude>
    <ClInclude Include="ofxNode_ofDrawBitmapString.h">
      <Filter>ofGraphics</Filter>
    </ClInclude>
    <ClInclude Include="ofxNode_ofDrawBitmapStringHighlight.h">
      <Filter>ofGraphics</Filter>
    </ClInclude>
    <ClInclude Include="ofxNode_ofEllipse.h">
      <Filter>ofGraphics</Filter>
    </ClInclude>
    <ClInclude Include="ofxNode_ofEnableAlphaBlending.h">
      <Filter>ofGraphics</Filter>
    </ClInclude>
    <ClInclude Include="ofxNode_ofEnableAntiAliasing.h">
      <Filter>ofGraphics</Filter>
    </ClInclude>
    <ClInclude Include="ofxNode_ofEnableBlendMode.h">
      <Filter>ofGraphics</Filter>
    </ClInclude>
    <ClInclude Include="ofxNode_ofEnableDepthTest.h">
      <Filter>ofGraphics</Filter>
    </ClInclude>
    <ClInclude Include="ofxNode_ofEnablePointSprites.h">
      <Filter>ofGraphics</Filter>
    </ClInclude>
    <ClInclude Include="ofxNode_ofEnableSmoothing.h">
      <Filter>ofGraphics</Filter>
    </ClInclude>
    <ClInclude Include="ofxNode_ofEndSaveScreenAsPDF.h">
      <Filter>ofGraphics</Filter>
    </ClInclude>
    <ClInclude Include="ofxNode_ofEndShape.h">
      <Filter>ofGraphics</Filter>
    </ClInclude>
    <ClInclude Include="ofxNode_ofFill.h">
      <Filter>ofGraphics</Filter>
    </ClInclude>
    <ClInclude Include="ofxNode_ofGetBackground.h">
      <Filter>ofGraphics</Filter>
    </ClInclude>
    <ClInclude Include="ofxNode_ofGetCoordHandedness.h">
      <Filter>ofGraphics</Filter>
    </ClInclude>
    <ClInclude Include="ofxNode_ofGetCurrentMatrix.h">
      <Filter>ofGraphics</Filter>
    </ClInclude>
    <ClInclude Include="ofxNode_ofGetCurrentRenderer.h">
      <Filter>ofGraphics</Filter>
    </ClInclude>
    <ClInclude Include="ofxNode_ofGetCurrentViewport.h">
      <Filter>ofGraphics</Filter>
    </ClInclude>
    <ClInclude Include="ofxNode_ofGetFill.h">
      <Filter>ofGraphics</Filter>
    </ClInclude>
    <ClInclude Include="ofxNode_ofGetNativeViewport.h">
      <Filter>ofGraphics</Filter>
    </ClInclude>
    <ClInclude Include="ofxNode_ofGetRectMode.h">
      <Filter>ofGraphics</Filter>
    </ClInclude>
    <ClInclude Include="ofxNode_ofGetStyle.h">
      <Filter>ofGraphics</Filter>
    </ClInclude>
    <ClInclude Include="ofxNode_ofGetViewportHeight.h">
      <Filter>ofGraphics</Filter>
    </ClInclude>
    <ClInclude Include="ofxNode_ofGetViewportWidth.h">
      <Filter>ofGraphics</Filter>
    </ClInclude>
    <ClInclude Include="ofxNode_ofIsVFlipped.h">
      <Filter>ofGraphics</Filter>
    </ClInclude>
    <ClInclude Include="ofxNode_ofLine.h">
      <Filter>ofGraphics</Filter>
    </ClInclude>
    <ClInclude Include="ofxNode_ofLoadIdentityMatrix.h">
      <Filter>ofGraphics</Filter>
    </ClInclude>
    <ClInclude Include="ofxNode_ofLoadMatrix.h">
      <Filter>ofGraphics</Filter>
    </ClInclude>
    <ClInclude Include="ofxNode_ofMultMatrix.h">
      <Filter>ofGraphics</Filter>
    </ClInclude>
    <ClInclude Include="ofxNode_ofNextContour.h">
      <Filter>ofGraphics</Filter>
    </ClInclude>
    <ClInclude Include="ofxNode_ofNoFill.h">
      <Filter>ofGraphics</Filter>
    </ClInclude>
    <ClInclude Include="ofxNode_ofOrientationToDegrees.h">
      <Filter>ofGraphics</Filter>
    </ClInclude>
    <ClInclude Include="ofxNode_ofPopMatrix.h">
      <Filter>ofGraphics</Filter>
    </ClInclude>
    <ClInclude Include="ofxNode_ofPopStyle.h">
      <Filter>ofGraphics</Filter>
    </ClInclude>
    <ClInclude Include="ofxNode_ofPopView.h">
      <Filter>ofGraphics</Filter>
    </ClInclude>
    <ClInclude Include="ofxNode_ofPushMatrix.h">
      <Filter>ofGraphics</Filter>
    </ClInclude>
    <ClInclude Include="ofxNode_ofPushStyle.h">
      <Filter>ofGraphics</Filter>
    </ClInclude>
    <ClInclude Include="ofxNode_ofPushView.h">
      <Filter>ofGraphics</Filter>
    </ClInclude>
    <ClInclude Include="ofxNode_ofRect.h">
      <Filter>ofGraphics</Filter>
    </ClInclude>
    <ClInclude Include="ofxNode_ofRectRounded.h">
      <Filter>ofGraphics</Filter>
    </ClInclude>
    <ClInclude Include="ofxNode_ofRotate.h">
      <Filter>ofGraphics</Filter>
    </ClInclude>
    <ClInclude Include="ofxNode_ofRotateX.h">
      <Filter>ofGraphics</Filter>
    </ClInclude>
    <ClInclude Include="ofxNode_ofRotateY.h">
      <Filter>ofGraphics</Filter>
    </ClInclude>
    <ClInclude Include="ofxNode_ofRotateZ.h">
      <Filter>ofGraphics</Filter>
    </ClInclude>
    <ClInclude Include="ofxNode_ofScale.h">
      <Filter>ofGraphics</Filter>
    </ClInclude>
    <ClInclude Include="ofxNode_ofSetBackgroundAuto.h">
      <Filter>ofGraphics</Filter>
    </ClInclude>
    <ClInclude Include="ofxNode_ofSetBackgroundColor.h">
      <Filter>ofGraphics</Filter>
    </ClInclude>
    <ClInclude Include="ofxNode_ofSetBackgroundColorHex.h">
      <Filter>ofGraphics</Filter>
    </ClInclude>
    <ClInclude Include="ofxNode_ofSetCircleResolution.h">
      <Filter>ofGraphics</Filter>
    </ClInclude>
    <ClInclude Include="ofxNode_ofSetColor.h">
      <Filter>ofGraphics</Filter>
    </ClInclude>
    <ClInclude Include="ofxNode_ofSetCoordHandedness.h">
      <Filter>ofGraphics</Filter>
    </ClInclude>
    <ClInclude Include="ofxNode_ofSetCurrentRenderer.h">
      <Filter>ofGraphics</Filter>
    </ClInclude>
    <ClInclude Include="ofxNode_ofSetCurveResolution.h">
      <Filter>ofGraphics</Filter>
    </ClInclude>
    <ClInclude Include="ofxNode_ofSetDepthTest.h">
      <Filter>ofGraphics</Filter>
    </ClInclude>
    <ClInclude Include="ofxNode_ofSetDrawBitmapMode.h">
      <Filter>ofGraphics</Filter>
    </ClInclude>
    <ClInclude Include="ofxNode_ofSetHexColor.h">
      <Filter>ofGraphics</Filter>
    </ClInclude>
    <ClInclude Include="ofxNode_ofSetLineWidth.h">
      <Filter>ofGraphics</Filter>
    </ClInclude>
    <ClInclude Include="ofxNode_ofSetMatrixMode.h">
      <Filter>ofGraphics</Filter>
    </ClInclude>
    <ClInclude Include="ofxNode_ofSetPolyMode.h">
      <Filter>ofGraphics</Filter>
    </ClInclude>
    <ClInclude Include="ofxNode_ofSetRectMode.h">
      <Filter>ofGraphics</Filter>
    </ClInclude>
    <ClInclude Include="ofxNode_ofSetStyle.h">
      <Filter>ofGraphics</Filter>
    </ClInclude>
    <ClInclude Include="ofxNode_ofSetupScreen.h">
      <Filter>ofGraphics</Filter>
    </ClInclude>
    <ClInclude Include="ofxNode_ofSetupScreenOrtho.h">
      <Filter>ofGraphics</Filter>
    </ClInclude>
    <ClInclude Include="ofxNode_ofSetupScreenPerspective.h">
      <Filter>ofGraphics</Filter>
    </ClInclude>
    <ClInclude Include="ofxNode_ofTranslate.h">
      <Filter>ofGraphics</Filter>
    </ClInclude>
    <ClInclude Include="ofxNode_ofTriangle.h">
      <Filter>ofGraphics</Filter>
    </ClInclude>
    <ClInclude Include="ofxNode_ofVertex.h">
      <Filter>ofGraphics</Filter>
    </ClInclude>
    <ClInclude Include="ofxNode_ofVertices.h">
      <Filter>ofGraphics</Filter>
    </ClInclude>
    <ClInclude Include="ofxNode_update.h">
      <Filter>internals</Filter>
    </ClInclude>
    <ClInclude Include="ofxNode_setup.h">
      <Filter>internals</Filter>
    </ClInclude>
    <ClInclude Include="ofxNode_mouseReleased.h">
      <Filter>internals</Filter>
    </ClInclude>
    <ClInclude Include="ofxNode_mousePressed.h">
      <Filter>internals</Filter>
    </ClInclude>
    <ClInclude Include="ofxNode_mouseMoved.h">
      <Filter>internals</Filter>
    </ClInclude>
    <ClInclude Include="ofxNode_mouseDragged.h">
      <Filter>internals</Filter>
    </ClInclude>
    <ClInclude Include="ofxNode_keyReleased.h">
      <Filter>internals</Filter>
    </ClInclude>
    <ClInclude Include="ofxNode_keyPressed.h">
      <Filter>internals</Filter>
    </ClInclude>
    <ClInclude Include="ofxNode_gotMessage.h">
      <Filter>internals</Filter>
    </ClInclude>
    <ClInclude Include="ofxNode_draw.h">
      <Filter>internals</Filter>
    </ClInclude>
    <ClInclude Include="ofxNode_exit.h">
      <Filter>internals</Filter>
    </ClInclude>
    <ClInclude Include="ofxNode_dragEvent.h">
      <Filter>internals</Filter>
    </ClInclude>
    <ClInclude Include="ofxNode_noop.h">
      <Filter>misc</Filter>
    </ClInclude>
    <ClInclude Include="ofxNode_ofGetElapsedTimef.h">
      <Filter>misc</Filter>
    </ClInclude>
    <ClInclude Include="ofxNode_ofGetElapsedTimeMillis.h">
      <Filter>misc</Filter>
    </ClInclude>
    <ClInclude Include="ofxNode_ofGetHeight.h">
      <Filter>misc</Filter>
    </ClInclude>
    <ClInclude Include="ofxNode_ofGetMouseX.h">
      <Filter>misc</Filter>
    </ClInclude>
    <ClInclude Include="ofxNode_ofGetMouseY.h">
      <Filter>misc</Filter>
    </ClInclude>
    <ClInclude Include="ofxNode_ofGetWidth.h">
      <Filter>misc</Filter>
    </ClInclude>
    <ClInclude Include="ofxNode_ofRunApp.h">
      <Filter>misc</Filter>
    </ClInclude>
    <ClInclude Include="ofxNode_ofSetFrameRate.h">
      <Filter>misc</Filter>
    </ClInclude>
    <ClInclude Include="ofxNode_ofSetupOpenGL.h">
      <Filter>misc</Filter>
    </ClInclude>
    <ClInclude Include="ofxNode_ofSetWindowTitle.h">
      <Filter>misc</Filter>
    </ClInclude>
    <ClInclude Include="ofxNode_windowResized.h">
      <Filter>misc</Filter>
    </ClInclude>
    <ClInclude Include="ofxNode_wrapper_ofTrueTypeFont.h">
      <Filter>Wrappers</Filter>
    </ClInclude>
    <ClInclude Include="ofxNode_wrapper_ofImage.h">
      <Filter>Wrappers</Filter>
    </ClInclude>
    <ClInclude Include="ofxNode_ofAngleDifferenceDegrees.h">
      <Filter>Header Files</Filter>
    </ClInclude>
    <ClInclude Include="ofxNode_ofAngleDifferenceRadians.h">
      <Filter>Header Files</Filter>
    </ClInclude>
    <ClInclude Include="ofxNode_ofBezierPoint.h">
      <Filter>Header Files</Filter>
    </ClInclude>
    <ClInclude Include="ofxNode_ofBezierTangent.h">
      <Filter>Header Files</Filter>
    </ClInclude>
    <ClInclude Include="ofxNode_ofClamp.h">
      <Filter>Header Files</Filter>
    </ClInclude>
    <ClInclude Include="ofxNode_ofCurvePoint.h">
      <Filter>Header Files</Filter>
    </ClInclude>
    <ClInclude Include="ofxNode_ofCurveTangent.h">
      <Filter>Header Files</Filter>
    </ClInclude>
    <ClInclude Include="ofxNode_ofDegToRad.h">
      <Filter>Header Files</Filter>
    </ClInclude>
    <ClInclude Include="ofxNode_ofDist.h">
      <Filter>Header Files</Filter>
    </ClInclude>
    <ClInclude Include="ofxNode_ofDistSquared.h">
      <Filter>Header Files</Filter>
    </ClInclude>
    <ClInclude Include="ofxNode_ofInRange.h">
      <Filter>Header Files</Filter>
    </ClInclude>
    <ClInclude Include="ofxNode_ofInsidePoly.h">
      <Filter>Header Files</Filter>
    </ClInclude>
    <ClInclude Include="ofxNode_ofInterpolateCatmullRom.h">
      <Filter>Header Files</Filter>
    </ClInclude>
    <ClInclude Include="ofxNode_ofInterpolateCosine.h">
      <Filter>Header Files</Filter>
    </ClInclude>
    <ClInclude Include="ofxNode_ofInterpolateCubic.h">
      <Filter>Header Files</Filter>
    </ClInclude>
    <ClInclude Include="ofxNode_ofInterpolateHermite.h">
      <Filter>Header Files</Filter>
    </ClInclude>
    <ClInclude Include="ofxNode_ofLerp.h">
      <Filter>Header Files</Filter>
    </ClInclude>
    <ClInclude Include="ofxNode_ofLerpDegrees.h">
      <Filter>Header Files</Filter>
    </ClInclude>
    <ClInclude Include="ofxNode_ofLerpRadians.h">
      <Filter>Header Files</Filter>
    </ClInclude>
    <ClInclude Include="ofxNode_ofLineSegmentIntersection.h">
      <Filter>Header Files</Filter>
    </ClInclude>
    <ClInclude Include="ofxNode_ofMap.h">
      <Filter>Header Files</Filter>
    </ClInclude>
    <ClInclude Include="ofxNode_ofNextPow2.h">
      <Filter>Header Files</Filter>
    </ClInclude>
    <ClInclude Include="ofxNode_ofNoise.h">
      <Filter>Header Files</Filter>
    </ClInclude>
    <ClInclude Include="ofxNode_ofNormalize.h">
      <Filter>Header Files</Filter>
    </ClInclude>
    <ClInclude Include="ofxNode_ofRadToDeg.h">
      <Filter>Header Files</Filter>
    </ClInclude>
    <ClInclude Include="ofxNode_ofRandomf.h">
      <Filter>Header Files</Filter>
    </ClInclude>
    <ClInclude Include="ofxNode_ofRandomHeight.h">
      <Filter>Header Files</Filter>
    </ClInclude>
    <ClInclude Include="ofxNode_ofRandomuf.h">
      <Filter>Header Files</Filter>
    </ClInclude>
    <ClInclude Include="ofxNode_ofRandomWidth.h">
      <Filter>Header Files</Filter>
    </ClInclude>
    <ClInclude Include="ofxNode_ofSeedRandom.h">
      <Filter>Header Files</Filter>
    </ClInclude>
    <ClInclude Include="ofxNode_ofSign.h">
      <Filter>Header Files</Filter>
    </ClInclude>
    <ClInclude Include="ofxNode_ofSignedNoise.h">
      <Filter>Header Files</Filter>
    </ClInclude>
    <ClInclude Include="ofxNode_ofWrap.h">
      <Filter>Header Files</Filter>
    </ClInclude>
    <ClInclude Include="ofxNode_ofWrapDegrees.h">
      <Filter>Header Files</Filter>
    </ClInclude>
    <ClInclude Include="ofxNode_ofWrapRadians.h">
      <Filter>Header Files</Filter>
    </ClInclude>
    <ClInclude Include="ofxNode_ofRandom.h">
      <Filter>ofMath</Filter>
    </ClInclude>
  </ItemGroup>
  <ItemGroup>
    <None Include="ofApp.js">
      <Filter>Javascript Files</Filter>
    </None>
  </ItemGroup>
</Project>