
Microsoft Visual Studio Solution File, Format Version 12.00
# Visual Studio 2013
VisualStudioVersion = 12.0.30501.0
MinimumVisualStudioVersion = 10.0.40219.1
Project("{8BC9CEB8-8B4A-11D0-8D11-00A0C91BC942}") = "nofx", "nofx\nofx.vcxproj", "{A03FC266-793D-4228-945B-0CE27ECD9A33}"
	ProjectSection(ProjectDependencies) = postProject
		{7A67AC07-78D3-437F-8BB1-B666B27F8B69} = {7A67AC07-78D3-437F-8BB1-B666B27F8B69}
		{9012A416-F723-4693-B8BB-D915953F54A1} = {9012A416-F723-4693-B8BB-D915953F54A1}
		{8686A41D-1EDF-4368-A3D3-F2FF878EB0E4} = {8686A41D-1EDF-4368-A3D3-F2FF878EB0E4}
		{EFCB8C26-9388-4400-A908-BA0FF85E84F1} = {EFCB8C26-9388-4400-A908-BA0FF85E84F1}
		{A1224736-01C3-4616-87FA-EA3853DFA9AD} = {A1224736-01C3-4616-87FA-EA3853DFA9AD}
		{24B7533E-0FC5-4EF0-AFCB-01CB136CE336} = {24B7533E-0FC5-4EF0-AFCB-01CB136CE336}
		{B49DFB86-2C84-4419-B1ED-ABEB85B385B5} = {B49DFB86-2C84-4419-B1ED-ABEB85B385B5}
		{DC6B418E-8EC0-4723-8E15-817BE2A178AF} = {DC6B418E-8EC0-4723-8E15-817BE2A178AF}
		{FD9A6DCD-FD19-4262-B8A2-E01244362FC8} = {FD9A6DCD-FD19-4262-B8A2-E01244362FC8}
		{1F78B3D5-3E8F-47C6-85DB-0F884D57D530} = {1F78B3D5-3E8F-47C6-85DB-0F884D57D530}
		{9B231EDD-91A2-4B9E-B885-74A0EE05FD49} = {9B231EDD-91A2-4B9E-B885-74A0EE05FD49}
		{3B0366DF-1AD9-49AA-BF02-2A62F8566F97} = {3B0366DF-1AD9-49AA-BF02-2A62F8566F97}
		{12F3FDE0-89C5-4604-BE1A-55F749104411} = {12F3FDE0-89C5-4604-BE1A-55F749104411}
	EndProjectSection
EndProject
Project("{8BC9CEB8-8B4A-11D0-8D11-00A0C91BC942}") = "openframeworksLib", "%NOFX_OF%\openFrameworks\libs\openFrameworksCompiled\project\vs\openframeworksLib.vcxproj", "{5837595D-ACA9-485C-8E76-729040CE4B0B}"
EndProject
Project("{8BC9CEB8-8B4A-11D0-8D11-00A0C91BC942}") = "nofx_ofBaseApp", "nofx_ofBaseApp\nofx_ofBaseApp.vcxproj", "{8686A41D-1EDF-4368-A3D3-F2FF878EB0E4}"
EndProject
Project("{8BC9CEB8-8B4A-11D0-8D11-00A0C91BC942}") = "nofx_ofAppRunner", "nofx_ofAppRunner\nofx_ofAppRunner.vcxproj", "{DC6B418E-8EC0-4723-8E15-817BE2A178AF}"
	ProjectSection(ProjectDependencies) = postProject
		{8686A41D-1EDF-4368-A3D3-F2FF878EB0E4} = {8686A41D-1EDF-4368-A3D3-F2FF878EB0E4}
	EndProjectSection
EndProject
Project("{8BC9CEB8-8B4A-11D0-8D11-00A0C91BC942}") = "nofx_ofAppBaseWindow", "nofx_ofAppBaseWindow\nofx_ofAppBaseWindow.vcxproj", "{24B7533E-0FC5-4EF0-AFCB-01CB136CE336}"
EndProject
Project("{8BC9CEB8-8B4A-11D0-8D11-00A0C91BC942}") = "nofx_ofVec3f", "nofx_ofVec3f\nofx_ofVec3f.vcxproj", "{12F3FDE0-89C5-4604-BE1A-55F749104411}"
	ProjectSection(ProjectDependencies) = postProject
		{9B231EDD-91A2-4B9E-B885-74A0EE05FD49} = {9B231EDD-91A2-4B9E-B885-74A0EE05FD49}
	EndProjectSection
EndProject
Project("{8BC9CEB8-8B4A-11D0-8D11-00A0C91BC942}") = "nofx_pointer", "nofx_pointer\nofx_pointer.vcxproj", "{9B231EDD-91A2-4B9E-B885-74A0EE05FD49}"
EndProject
Project("{8BC9CEB8-8B4A-11D0-8D11-00A0C91BC942}") = "nofx_ofVec2f", "nofx_ofVec2f\nofx_ofVec2f.vcxproj", "{7A67AC07-78D3-437F-8BB1-B666B27F8B69}"
EndProject
Project("{8BC9CEB8-8B4A-11D0-8D11-00A0C91BC942}") = "nofx_ofVec4f", "nofx_ofVec4f\nofx_ofVec4f.vcxproj", "{FD9A6DCD-FD19-4262-B8A2-E01244362FC8}"
EndProject
Project("{8BC9CEB8-8B4A-11D0-8D11-00A0C91BC942}") = "nofx_ofRectangle", "nofx_ofRectangle\nofx_ofRectangle.vcxproj", "{9012A416-F723-4693-B8BB-D915953F54A1}"
EndProject
Project("{8BC9CEB8-8B4A-11D0-8D11-00A0C91BC942}") = "nofx_ofColor", "nofx_ofColor\nofx_ofColor.vcxproj", "{B49DFB86-2C84-4419-B1ED-ABEB85B385B5}"
EndProject
Project("{8BC9CEB8-8B4A-11D0-8D11-00A0C91BC942}") = "nofx_ofQuaternion", "nofx_ofQuaternion\nofx_ofQuaternion.vcxproj", "{A1224736-01C3-4616-87FA-EA3853DFA9AD}"
EndProject
Project("{8BC9CEB8-8B4A-11D0-8D11-00A0C91BC942}") = "nofx_ofMatrix4x4", "nofx_ofMatrix4x4\nofx_ofMatrix4x4.vcxproj", "{1F78B3D5-3E8F-47C6-85DB-0F884D57D530}"
EndProject
Project("{8BC9CEB8-8B4A-11D0-8D11-00A0C91BC942}") = "nofx_ofMatrix3x3", "nofx_ofMatrix3x3\nofx_ofMatrix3x3.vcxproj", "{3B0366DF-1AD9-49AA-BF02-2A62F8566F97}"
EndProject
Project("{8BC9CEB8-8B4A-11D0-8D11-00A0C91BC942}") = "nofx_ofMath", "nofx_ofMath\nofx_ofMath.vcxproj", "{EFCB8C26-9388-4400-A908-BA0FF85E84F1}"
EndProject
Global
	GlobalSection(SolutionConfigurationPlatforms) = preSolution
		Debug|Win32 = Debug|Win32
		Release|Win32 = Release|Win32
	EndGlobalSection
	GlobalSection(ProjectConfigurationPlatforms) = postSolution
		{A03FC266-793D-4228-945B-0CE27ECD9A33}.Debug|Win32.ActiveCfg = Debug|Win32
		{A03FC266-793D-4228-945B-0CE27ECD9A33}.Debug|Win32.Build.0 = Debug|Win32
		{A03FC266-793D-4228-945B-0CE27ECD9A33}.Release|Win32.ActiveCfg = Release|Win32
		{A03FC266-793D-4228-945B-0CE27ECD9A33}.Release|Win32.Build.0 = Release|Win32
		{5837595D-ACA9-485C-8E76-729040CE4B0B}.Debug|Win32.ActiveCfg = Debug|Win32
		{5837595D-ACA9-485C-8E76-729040CE4B0B}.Debug|Win32.Build.0 = Debug|Win32
		{5837595D-ACA9-485C-8E76-729040CE4B0B}.Release|Win32.ActiveCfg = Release|Win32
		{5837595D-ACA9-485C-8E76-729040CE4B0B}.Release|Win32.Build.0 = Release|Win32
		{8686A41D-1EDF-4368-A3D3-F2FF878EB0E4}.Debug|Win32.ActiveCfg = Debug|Win32
		{8686A41D-1EDF-4368-A3D3-F2FF878EB0E4}.Debug|Win32.Build.0 = Debug|Win32
		{8686A41D-1EDF-4368-A3D3-F2FF878EB0E4}.Release|Win32.ActiveCfg = Release|Win32
		{8686A41D-1EDF-4368-A3D3-F2FF878EB0E4}.Release|Win32.Build.0 = Release|Win32
		{DC6B418E-8EC0-4723-8E15-817BE2A178AF}.Debug|Win32.ActiveCfg = Debug|Win32
		{DC6B418E-8EC0-4723-8E15-817BE2A178AF}.Debug|Win32.Build.0 = Debug|Win32
		{DC6B418E-8EC0-4723-8E15-817BE2A178AF}.Release|Win32.ActiveCfg = Release|Win32
		{DC6B418E-8EC0-4723-8E15-817BE2A178AF}.Release|Win32.Build.0 = Release|Win32
		{24B7533E-0FC5-4EF0-AFCB-01CB136CE336}.Debug|Win32.ActiveCfg = Debug|Win32
		{24B7533E-0FC5-4EF0-AFCB-01CB136CE336}.Debug|Win32.Build.0 = Debug|Win32
		{24B7533E-0FC5-4EF0-AFCB-01CB136CE336}.Release|Win32.ActiveCfg = Release|Win32
		{24B7533E-0FC5-4EF0-AFCB-01CB136CE336}.Release|Win32.Build.0 = Release|Win32
		{12F3FDE0-89C5-4604-BE1A-55F749104411}.Debug|Win32.ActiveCfg = Debug|Win32
		{12F3FDE0-89C5-4604-BE1A-55F749104411}.Debug|Win32.Build.0 = Debug|Win32
		{12F3FDE0-89C5-4604-BE1A-55F749104411}.Release|Win32.ActiveCfg = Release|Win32
		{12F3FDE0-89C5-4604-BE1A-55F749104411}.Release|Win32.Build.0 = Release|Win32
		{9B231EDD-91A2-4B9E-B885-74A0EE05FD49}.Debug|Win32.ActiveCfg = Debug|Win32
		{9B231EDD-91A2-4B9E-B885-74A0EE05FD49}.Debug|Win32.Build.0 = Debug|Win32
		{9B231EDD-91A2-4B9E-B885-74A0EE05FD49}.Release|Win32.ActiveCfg = Release|Win32
		{9B231EDD-91A2-4B9E-B885-74A0EE05FD49}.Release|Win32.Build.0 = Release|Win32
		{7A67AC07-78D3-437F-8BB1-B666B27F8B69}.Debug|Win32.ActiveCfg = Debug|Win32
		{7A67AC07-78D3-437F-8BB1-B666B27F8B69}.Debug|Win32.Build.0 = Debug|Win32
		{7A67AC07-78D3-437F-8BB1-B666B27F8B69}.Release|Win32.ActiveCfg = Release|Win32
		{7A67AC07-78D3-437F-8BB1-B666B27F8B69}.Release|Win32.Build.0 = Release|Win32
		{FD9A6DCD-FD19-4262-B8A2-E01244362FC8}.Debug|Win32.ActiveCfg = Debug|Win32
		{FD9A6DCD-FD19-4262-B8A2-E01244362FC8}.Debug|Win32.Build.0 = Debug|Win32
		{FD9A6DCD-FD19-4262-B8A2-E01244362FC8}.Release|Win32.ActiveCfg = Release|Win32
		{FD9A6DCD-FD19-4262-B8A2-E01244362FC8}.Release|Win32.Build.0 = Release|Win32
		{9012A416-F723-4693-B8BB-D915953F54A1}.Debug|Win32.ActiveCfg = Debug|Win32
		{9012A416-F723-4693-B8BB-D915953F54A1}.Debug|Win32.Build.0 = Debug|Win32
		{9012A416-F723-4693-B8BB-D915953F54A1}.Release|Win32.ActiveCfg = Release|Win32
		{9012A416-F723-4693-B8BB-D915953F54A1}.Release|Win32.Build.0 = Release|Win32
		{B49DFB86-2C84-4419-B1ED-ABEB85B385B5}.Debug|Win32.ActiveCfg = Debug|Win32
		{B49DFB86-2C84-4419-B1ED-ABEB85B385B5}.Debug|Win32.Build.0 = Debug|Win32
		{B49DFB86-2C84-4419-B1ED-ABEB85B385B5}.Release|Win32.ActiveCfg = Release|Win32
		{B49DFB86-2C84-4419-B1ED-ABEB85B385B5}.Release|Win32.Build.0 = Release|Win32
		{A1224736-01C3-4616-87FA-EA3853DFA9AD}.Debug|Win32.ActiveCfg = Debug|Win32
		{A1224736-01C3-4616-87FA-EA3853DFA9AD}.Debug|Win32.Build.0 = Debug|Win32
		{A1224736-01C3-4616-87FA-EA3853DFA9AD}.Release|Win32.ActiveCfg = Release|Win32
		{A1224736-01C3-4616-87FA-EA3853DFA9AD}.Release|Win32.Build.0 = Release|Win32
		{1F78B3D5-3E8F-47C6-85DB-0F884D57D530}.Debug|Win32.ActiveCfg = Debug|Win32
		{1F78B3D5-3E8F-47C6-85DB-0F884D57D530}.Debug|Win32.Build.0 = Debug|Win32
		{1F78B3D5-3E8F-47C6-85DB-0F884D57D530}.Release|Win32.ActiveCfg = Release|Win32
		{1F78B3D5-3E8F-47C6-85DB-0F884D57D530}.Release|Win32.Build.0 = Release|Win32
		{3B0366DF-1AD9-49AA-BF02-2A62F8566F97}.Debug|Win32.ActiveCfg = Debug|Win32
		{3B0366DF-1AD9-49AA-BF02-2A62F8566F97}.Debug|Win32.Build.0 = Debug|Win32
		{3B0366DF-1AD9-49AA-BF02-2A62F8566F97}.Release|Win32.ActiveCfg = Release|Win32
		{3B0366DF-1AD9-49AA-BF02-2A62F8566F97}.Release|Win32.Build.0 = Release|Win32
		{EFCB8C26-9388-4400-A908-BA0FF85E84F1}.Debug|Win32.ActiveCfg = Debug|Win32
		{EFCB8C26-9388-4400-A908-BA0FF85E84F1}.Debug|Win32.Build.0 = Debug|Win32
		{EFCB8C26-9388-4400-A908-BA0FF85E84F1}.Release|Win32.ActiveCfg = Release|Win32
		{EFCB8C26-9388-4400-A908-BA0FF85E84F1}.Release|Win32.Build.0 = Release|Win32
	EndGlobalSection
	GlobalSection(SolutionProperties) = preSolution
		HideSolutionNode = FALSE
	EndGlobalSection
EndGlobal
